{
  "name": "discord",
  "lockfileVersion": 2,
  "requires": true,
  "packages": {
    "": {
      "dependencies": {
        "discords.js": "^0.0.0"
      }
    },
    "node_modules/discords.js": {
      "version": "0.0.0",
      "resolved": "https://registry.npmjs.org/discords.js/-/discords.js-0.0.0.tgz",
      "integrity": "sha512-ezV9O0GRFJnbSqgFECBFgnswmCAsQ6ifuEluvtQ40n+UBCptqUDImc6YnTFN7Fwqp1YK7tCUwHWACMjS4PrtnQ=="
    }
  },
  "dependencies": {
    "discords.js": {
      "version": "0.0.0",
      "resolved": "https://registry.npmjs.org/discords.js/-/discords.js-0.0.0.tgz",
      "integrity": "sha512-ezV9O0GRFJnbSqgFECBFgnswmCAsQ6ifuEluvtQ40n+UBCptqUDImc6YnTFN7Fwqp1YK7tCUwHWACMjS4PrtnQ=="
    }
  }
}
